
Microsoft Visual Studio Solution File, Format Version 12.00
# Visual Studio Version 17
VisualStudioVersion = 17.14.37111.16
MinimumVisualStudioVersion = 10.0.40219.1
Project("{FAE04EC0-301F-11D3-BF4B-00C04F79EFBC}") = "CMS.Data", "CMS.Data\CMS.Data.csproj", "{1E51F38C-B799-4CBD-AF84-5076F92D5AB9}"
EndProject
Project("{FAE04EC0-301F-11D3-BF4B-00C04F79EFBC}") = "CMS.Backend", "CMS.Backend\CMS.Backend.csproj", "{C1D6AFB5-41D5-4ADE-9196-86C64AB5D50F}"
EndProject
Project("{E24C65DC-7377-472B-9ABA-BC803B73C61A}") = "cms.frontend", "cms.frontend\", "{BFC96697-7D92-84DD-AB7A-313652811C56}"
	ProjectSection(WebsiteProperties) = preProject
		TargetFrameworkMoniker = ".NETFramework,Version%3Dv4.8"
		Debug.AspNetCompiler.VirtualPath = "/localhost_55656"
		Debug.AspNetCompiler.PhysicalPath = "cms.frontend\"
		Debug.AspNetCompiler.TargetPath = "PrecompiledWeb\localhost_55656\"
		Debug.AspNetCompiler.Updateable = "true"
		Debug.AspNetCompiler.ForceOverwrite = "true"
		Debug.AspNetCompiler.FixedNames = "false"
		Debug.AspNetCompiler.Debug = "True"
		Release.AspNetCompiler.VirtualPath = "/localhost_55656"
		Release.AspNetCompiler.PhysicalPath = "cms.frontend\"
		Release.AspNetCompiler.TargetPath = "PrecompiledWeb\localhost_55656\"
		Release.AspNetCompiler.Updateable = "true"
		Release.AspNetCompiler.ForceOverwrite = "true"
		Release.AspNetCompiler.FixedNames = "false"
		Release.AspNetCompiler.Debug = "False"
		VWDPort = "55656"
		SlnRelativePath = "cms.frontend\"
	EndProjectSection
EndProject
Global
	GlobalSection(SolutionConfigurationPlatforms) = preSolution
		Debug|Any CPU = Debug|Any CPU
		Release|Any CPU = Release|Any CPU
	EndGlobalSection
	GlobalSection(ProjectConfigurationPlatforms) = postSolution
		{1E51F38C-B799-4CBD-AF84-5076F92D5AB9}.Debug|Any CPU.ActiveCfg = Debug|Any CPU
		{1E51F38C-B799-4CBD-AF84-5076F92D5AB9}.Debug|Any CPU.Build.0 = Debug|Any CPU
		{1E51F38C-B799-4CBD-AF84-5076F92D5AB9}.Release|Any CPU.ActiveCfg = Release|Any CPU
		{1E51F38C-B799-4CBD-AF84-5076F92D5AB9}.Release|Any CPU.Build.0 = Release|Any CPU
		{C1D6AFB5-41D5-4ADE-9196-86C64AB5D50F}.Debug|Any CPU.ActiveCfg = Debug|Any CPU
		{C1D6AFB5-41D5-4ADE-9196-86C64AB5D50F}.Debug|Any CPU.Build.0 = Debug|Any CPU
		{C1D6AFB5-41D5-4ADE-9196-86C64AB5D50F}.Release|Any CPU.ActiveCfg = Release|Any CPU
		{C1D6AFB5-41D5-4ADE-9196-86C64AB5D50F}.Release|Any CPU.Build.0 = Release|Any CPU
		{BFC96697-7D92-84DD-AB7A-313652811C56}.Debug|Any CPU.ActiveCfg = Debug|Any CPU
		{BFC96697-7D92-84DD-AB7A-313652811C56}.Debug|Any CPU.Build.0 = Debug|Any CPU
		{BFC96697-7D92-84DD-AB7A-313652811C56}.Release|Any CPU.ActiveCfg = Debug|Any CPU
		{BFC96697-7D92-84DD-AB7A-313652811C56}.Release|Any CPU.Build.0 = Debug|Any CPU
	EndGlobalSection
	GlobalSection(SolutionProperties) = preSolution
		HideSolutionNode = FALSE
	EndGlobalSection
	GlobalSection(ExtensibilityGlobals) = postSolution
		SolutionGuid = {E8F8479C-FEBE-4E75-A2C2-DA201B7B135E}
	EndGlobalSection
EndGlobal
